// !$*UTF8*$!
{
	archiveVersion = 1;
	classes = {
	};
	objectVersion = 46;
	objects = {

/* Begin PBXBuildFile section */
		56EF548B1B00D34C00589F0B /* main.m in Sources */ = {isa = PBXBuildFile; fileRef = 56EF548A1B00D34C00589F0B /* main.m */; };
		56EF548E1B00D34C00589F0B /* AppDelegate.m in Sources */ = {isa = PBXBuildFile; fileRef = 56EF548D1B00D34C00589F0B /* AppDelegate.m */; };
		56EF54911B00D34C00589F0B /* ViewController.m in Sources */ = {isa = PBXBuildFile; fileRef = 56EF54901B00D34C00589F0B /* ViewController.m */; };
		56EF54941B00D34C00589F0B /* Main.storyboard in Resources */ = {isa = PBXBuildFile; fileRef = 56EF54921B00D34C00589F0B /* Main.storyboard */; };
		56EF54961B00D34C00589F0B /* Images.xcassets in Resources */ = {isa = PBXBuildFile; fileRef = 56EF54951B00D34C00589F0B /* Images.xcassets */; };
		56EF54991B00D34C00589F0B /* LaunchScreen.xib in Resources */ = {isa = PBXBuildFile; fileRef = 56EF54971B00D34C00589F0B /* LaunchScreen.xib */; };
		56EF54A51B00D34C00589F0B /* ForceboardTests.m in Sources */ = {isa = PBXBuildFile; fileRef = 56EF54A41B00D34C00589F0B /* ForceboardTests.m */; };
		56EF54E41B02229100589F0B /* CoreBluetooth.framework in Frameworks */ = {isa = PBXBuildFile; fileRef = 56EF54E31B02229100589F0B /* CoreBluetooth.framework */; };
		56EF54E91B02339D00589F0B /* SerialGATT.m in Sources */ = {isa = PBXBuildFile; fileRef = 56EF54E71B02339D00589F0B /* SerialGATT.m */; };
/* End PBXBuildFile section */

/* Begin PBXContainerItemProxy section */
		56EF549F1B00D34C00589F0B /* PBXContainerItemProxy */ = {
			isa = PBXContainerItemProxy;
			containerPortal = 56EF547D1B00D34C00589F0B /* Project object */;
			proxyType = 1;
			remoteGlobalIDString = 56EF54841B00D34C00589F0B;
			remoteInfo = Forceboard;
		};
/* End PBXContainerItemProxy section */

/* Begin PBXFileReference section */
		56EF54851B00D34C00589F0B /* Forceboard.app */ = {isa = PBXFileReference; explicitFileType = wrapper.application; includeInIndex = 0; path = Forceboard.app; sourceTree = BUILT_PRODUCTS_DIR; };
		56EF54891B00D34C00589F0B /* Info.plist */ = {isa = PBXFileReference; lastKnownFileType = text.plist.xml; path = Info.plist; sourceTree = "<group>"; };
		56EF548A1B00D34C00589F0B /* main.m */ = {isa = PBXFileReference; lastKnownFileType = sourcecode.c.objc; path = main.m; sourceTree = "<group>"; };
		56EF548C1B00D34C00589F0B /* AppDelegate.h */ = {isa = PBXFileReference; lastKnownFileType = sourcecode.c.h; path = AppDelegate.h; sourceTree = "<group>"; };
		56EF548D1B00D34C00589F0B /* AppDelegate.m */ = {isa = PBXFileReference; lastKnownFileType = sourcecode.c.objc; path = AppDelegate.m; sourceTree = "<group>"; };
		56EF548F1B00D34C00589F0B /* ViewController.h */ = {isa = PBXFileReference; lastKnownFileType = sourcecode.c.h; path = ViewController.h; sourceTree = "<group>"; };
		56EF54901B00D34C00589F0B /* ViewController.m */ = {isa = PBXFileReference; lastKnownFileType = sourcecode.c.objc; path = ViewController.m; sourceTree = "<group>"; };
		56EF54931B00D34C00589F0B /* Base */ = {isa = PBXFileReference; lastKnownFileType = file.storyboard; name = Base; path = Base.lproj/Main.storyboard; sourceTree = "<group>"; };
		56EF54951B00D34C00589F0B /* Images.xcassets */ = {isa = PBXFileReference; lastKnownFileType = folder.assetcatalog; path = Images.xcassets; sourceTree = "<group>"; };
		56EF54981B00D34C00589F0B /* Base */ = {isa = PBXFileReference; lastKnownFileType = file.xib; name = Base; path = Base.lproj/LaunchScreen.xib; sourceTree = "<group>"; };
		56EF549E1B00D34C00589F0B /* ForceboardTests.xctest */ = {isa = PBXFileReference; explicitFileType = wrapper.cfbundle; includeInIndex = 0; path = ForceboardTests.xctest; sourceTree = BUILT_PRODUCTS_DIR; };
		56EF54A31B00D34C00589F0B /* Info.plist */ = {isa = PBXFileReference; lastKnownFileType = text.plist.xml; path = Info.plist; sourceTree = "<group>"; };
		56EF54A41B00D34C00589F0B /* ForceboardTests.m */ = {isa = PBXFileReference; lastKnownFileType = sourcecode.c.objc; path = ForceboardTests.m; sourceTree = "<group>"; };
		56EF54E31B02229100589F0B /* CoreBluetooth.framework */ = {isa = PBXFileReference; lastKnownFileType = wrapper.framework; name = CoreBluetooth.framework; path = System/Library/Frameworks/CoreBluetooth.framework; sourceTree = SDKROOT; };
		56EF54E71B02339D00589F0B /* SerialGATT.m */ = {isa = PBXFileReference; fileEncoding = 4; lastKnownFileType = sourcecode.c.objc; path = SerialGATT.m; sourceTree = "<group>"; };
		56EF54E81B02339D00589F0B /* SerialGATT.h */ = {isa = PBXFileReference; fileEncoding = 4; lastKnownFileType = sourcecode.c.h; path = SerialGATT.h; sourceTree = "<group>"; };
/* End PBXFileReference section */

/* Begin PBXFrameworksBuildPhase section */
		56EF54821B00D34C00589F0B /* Frameworks */ = {
			isa = PBXFrameworksBuildPhase;
			buildActionMask = 2147483647;
			files = (
				56EF54E41B02229100589F0B /* CoreBluetooth.framework in Frameworks */,
			);
			runOnlyForDeploymentPostprocessing = 0;
		};
		56EF549B1B00D34C00589F0B /* Frameworks */ = {
			isa = PBXFrameworksBuildPhase;
			buildActionMask = 2147483647;
			files = (
			);
			runOnlyForDeploymentPostprocessing = 0;
		};
/* End PBXFrameworksBuildPhase section */

/* Begin PBXGroup section */
		56EF547C1B00D34C00589F0B = {
			isa = PBXGroup;
			children = (
				56EF54871B00D34C00589F0B /* Forceboard */,
				56EF54A11B00D34C00589F0B /* ForceboardTests */,
				56EF54861B00D34C00589F0B /* Products */,
			);
			sourceTree = "<group>";
		};
		56EF54861B00D34C00589F0B /* Products */ = {
			isa = PBXGroup;
			children = (
				56EF54851B00D34C00589F0B /* Forceboard.app */,
				56EF549E1B00D34C00589F0B /* ForceboardTests.xctest */,
			);
			name = Products;
			sourceTree = "<group>";
		};
		56EF54871B00D34C00589F0B /* Forceboard */ = {
			isa = PBXGroup;
			children = (
				56EF54E61B02338E00589F0B /* SerialGATT */,
				56EF54E51B02229700589F0B /* Frameworks */,
				56EF548C1B00D34C00589F0B /* AppDelegate.h */,
				56EF548D1B00D34C00589F0B /* AppDelegate.m */,
				56EF548F1B00D34C00589F0B /* ViewController.h */,
				56EF54901B00D34C00589F0B /* ViewController.m */,
				56EF54921B00D34C00589F0B /* Main.storyboard */,
				56EF54951B00D34C00589F0B /* Images.xcassets */,
				56EF54971B00D34C00589F0B /* LaunchScreen.xib */,
				56EF54881B00D34C00589F0B /* Supporting Files */,
			);
			path = Forceboard;
			sourceTree = "<group>";
		};
		56EF54881B00D34C00589F0B /* Supporting Files */ = {
			isa = PBXGroup;
			children = (
				56EF54891B00D34C00589F0B /* Info.plist */,
				56EF548A1B00D34C00589F0B /* main.m */,
			);
			name = "Supporting Files";
			sourceTree = "<group>";
		};
		56EF54A11B00D34C00589F0B /* ForceboardTests */ = {
			isa = PBXGroup;
			children = (
				56EF54A41B00D34C00589F0B /* ForceboardTests.m */,
				56EF54A21B00D34C00589F0B /* Supporting Files */,
			);
			path = ForceboardTests;
			sourceTree = "<group>";
		};
		56EF54A21B00D34C00589F0B /* Supporting Files */ = {
			isa = PBXGroup;
			children = (
				56EF54A31B00D34C00589F0B /* Info.plist */,
			);
			name = "Supporting Files";
			sourceTree = "<group>";
		};
		56EF54E51B02229700589F0B /* Frameworks */ = {
			isa = PBXGroup;
			children = (
				56EF54E31B02229100589F0B /* CoreBluetooth.framework */,
			);
			name = Frameworks;
			sourceTree = "<group>";
		};
		56EF54E61B02338E00589F0B /* SerialGATT */ = {
			isa = PBXGroup;
			children = (
				56EF54E71B02339D00589F0B /* SerialGATT.m */,
				56EF54E81B02339D00589F0B /* SerialGATT.h */,
			);
			name = SerialGATT;
			sourceTree = "<group>";
		};
/* End PBXGroup section */

/* Begin PBXNativeTarget section */
		56EF54841B00D34C00589F0B /* Forceboard */ = {
			isa = PBXNativeTarget;
			buildConfigurationList = 56EF54A81B00D34C00589F0B /* Build configuration list for PBXNativeTarget "Forceboard" */;
			buildPhases = (
				56EF54811B00D34C00589F0B /* Sources */,
				56EF54821B00D34C00589F0B /* Frameworks */,
				56EF54831B00D34C00589F0B /* Resources */,
			);
			buildRules = (
			);
			dependencies = (
			);
			name = Forceboard;
			productName = Forceboard;
			productReference = 56EF54851B00D34C00589F0B /* Forceboard.app */;
			productType = "com.apple.product-type.application";
		};
		56EF549D1B00D34C00589F0B /* ForceboardTests */ = {
			isa = PBXNativeTarget;
			buildConfigurationList = 56EF54AB1B00D34C00589F0B /* Build configuration list for PBXNativeTarget "ForceboardTests" */;
			buildPhases = (
				56EF549A1B00D34C00589F0B /* Sources */,
				56EF549B1B00D34C00589F0B /* Frameworks */,
				56EF549C1B00D34C00589F0B /* Resources */,
			);
			buildRules = (
			);
			dependencies = (
				56EF54A01B00D34C00589F0B /* PBXTargetDependency */,
			);
			name = ForceboardTests;
			productName = ForceboardTests;
			productReference = 56EF549E1B00D34C00589F0B /* ForceboardTests.xctest */;
			productType = "com.apple.product-type.bundle.unit-test";
		};
/* End PBXNativeTarget section */

/* Begin PBXProject section */
		56EF547D1B00D34C00589F0B /* Project object */ = {
			isa = PBXProject;
			attributes = {
				LastUpgradeCheck = 0630;
				ORGANIZATIONNAME = jessehsiu;
				TargetAttributes = {
					56EF54841B00D34C00589F0B = {
						CreatedOnToolsVersion = 6.3.1;
					};
					56EF549D1B00D34C00589F0B = {
						CreatedOnToolsVersion = 6.3.1;
						TestTargetID = 56EF54841B00D34C00589F0B;
					};
				};
			};
			buildConfigurationList = 56EF54801B00D34C00589F0B /* Build configuration list for PBXProject "Forceboard" */;
			compatibilityVersion = "Xcode 3.2";
			developmentRegion = English;
			hasScannedForEncodings = 0;
			knownRegions = (
				en,
				Base,
			);
			mainGroup = 56EF547C1B00D34C00589F0B;
			productRefGroup = 56EF54861B00D34C00589F0B /* Products */;
			projectDirPath = "";
			projectRoot = "";
			targets = (
				56EF54841B00D34C00589F0B /* Forceboard */,
				56EF549D1B00D34C00589F0B /* ForceboardTests */,
			);
		};
/* End PBXProject section */

/* Begin PBXResourcesBuildPhase section */
		56EF54831B00D34C00589F0B /* Resources */ = {
			isa = PBXResourcesBuildPhase;
			buildActionMask = 2147483647;
			files = (
				56EF54941B00D34C00589F0B /* Main.storyboard in Resources */,
				56EF54991B00D34C00589F0B /* LaunchScreen.xib in Resources */,
				56EF54961B00D34C00589F0B /* Images.xcassets in Resources */,
			);
			runOnlyForDeploymentPostprocessing = 0;
		};
		56EF549C1B00D34C00589F0B /* Resources */ = {
			isa = PBXResourcesBuildPhase;
			buildActionMask = 2147483647;
			files = (
			);
			runOnlyForDeploymentPostprocessing = 0;
		};
/* End PBXResourcesBuildPhase section */

/* Begin PBXSourcesBuildPhase section */
		56EF54811B00D34C00589F0B /* Sources */ = {
			isa = PBXSourcesBuildPhase;
			buildActionMask = 2147483647;
			files = (
				56EF54911B00D34C00589F0B /* ViewController.m in Sources */,
				56EF548E1B00D34C00589F0B /* AppDelegate.m in Sources */,
				56EF548B1B00D34C00589F0B /* main.m in Sources */,
				56EF54E91B02339D00589F0B /* SerialGATT.m in Sources */,
			);
			runOnlyForDeploymentPostprocessing = 0;
		};
		56EF549A1B00D34C00589F0B /* Sources */ = {
			isa = PBXSourcesBuildPhase;
			buildActionMask = 2147483647;
			files = (
				56EF54A51B00D34C00589F0B /* ForceboardTests.m in Sources */,
			);
			runOnlyForDeploymentPostprocessing = 0;
		};
/* End PBXSourcesBuildPhase section */

/* Begin PBXTargetDependency section */
		56EF54A01B00D34C00589F0B /* PBXTargetDependency */ = {
			isa = PBXTargetDependency;
			target = 56EF54841B00D34C00589F0B /* Forceboard */;
			targetProxy = 56EF549F1B00D34C00589F0B /* PBXContainerItemProxy */;
		};
/* End PBXTargetDependency section */

/* Begin PBXVariantGroup section */
		56EF54921B00D34C00589F0B /* Main.storyboard */ = {
			isa = PBXVariantGroup;
			children = (
				56EF54931B00D34C00589F0B /* Base */,
			);
			name = Main.storyboard;
			sourceTree = "<group>";
		};
		56EF54971B00D34C00589F0B /* LaunchScreen.xib */ = {
			isa = PBXVariantGroup;
			children = (
				56EF54981B00D34C00589F0B /* Base */,
			);
			name = LaunchScreen.xib;
			sourceTree = "<group>";
		};
/* End PBXVariantGroup section */

/* Begin XCBuildConfiguration section */
		56EF54A61B00D34C00589F0B /* Debug */ = {
			isa = XCBuildConfiguration;
			buildSettings = {
				ALWAYS_SEARCH_USER_PATHS = NO;
				CLANG_CXX_LANGUAGE_STANDARD = "gnu++0x";
				CLANG_CXX_LIBRARY = "libc++";
				CLANG_ENABLE_MODULES = YES;
				CLANG_ENABLE_OBJC_ARC = YES;
				CLANG_WARN_BOOL_CONVERSION = YES;
				CLANG_WARN_CONSTANT_CONVERSION = YES;
				CLANG_WARN_DIRECT_OBJC_ISA_USAGE = YES_ERROR;
				CLANG_WARN_EMPTY_BODY = YES;
				CLANG_WARN_ENUM_CONVERSION = YES;
				CLANG_WARN_INT_CONVERSION = YES;
				CLANG_WARN_OBJC_ROOT_CLASS = YES_ERROR;
				CLANG_WARN_UNREACHABLE_CODE = YES;
				CLANG_WARN__DUPLICATE_METHOD_MATCH = YES;
				"CODE_SIGN_IDENTITY[sdk=iphoneos*]" = "iPhone Developer";
				COPY_PHASE_STRIP = NO;
				DEBUG_INFORMATION_FORMAT = "dwarf-with-dsym";
				ENABLE_STRICT_OBJC_MSGSEND = YES;
				GCC_C_LANGUAGE_STANDARD = gnu99;
				GCC_DYNAMIC_NO_PIC = NO;
				GCC_NO_COMMON_BLOCKS = YES;
				GCC_OPTIMIZATION_LEVEL = 0;
				GCC_PREPROCESSOR_DEFINITIONS = (
					"DEBUG=1",
					"$(inherited)",
				);
				GCC_SYMBOLS_PRIVATE_EXTERN = NO;
				GCC_WARN_64_TO_32_BIT_CONVERSION = YES;
				GCC_WARN_ABOUT_RETURN_TYPE = YES_ERROR;
				GCC_WARN_UNDECLARED_SELECTOR = YES;
				GCC_WARN_UNINITIALIZED_AUTOS = YES_AGGRESSIVE;
				GCC_WARN_UNUSED_FUNCTION = YES;
				GCC_WARN_UNUSED_VARIABLE = YES;
				IPHONEOS_DEPLOYMENT_TARGET = 8.3;
				MTL_ENABLE_DEBUG_INFO = YES;
				ONLY_ACTIVE_ARCH = YES;
				SDKROOT = iphoneos;
				TARGETED_DEVICE_FAMILY = "1,2";
			};
			name = Debug;
		};
		56EF54A71B00D34C00589F0B /* Release */ = {
			isa = XCBuildConfiguration;
			buildSettings = {
				ALWAYS_SEARCH_USER_PATHS = NO;
				CLANG_CXX_LANGUAGE_STANDARD = "gnu++0x";
				CLANG_CXX_LIBRARY = "libc++";
				CLANG_ENABLE_MODULES = YES;
				CLANG_ENABLE_OBJC_ARC = YES;
				CLANG_WARN_BOOL_CONVERSION = YES;
				CLANG_WARN_CONSTANT_CONVERSION = YES;
				CLANG_WARN_DIRECT_OBJC_ISA_USAGE = YES_ERROR;
				CLANG_WARN_EMPTY_BODY = YES;
				CLANG_WARN_ENUM_CONVERSION = YES;
				CLANG_WARN_INT_CONVERSION = YES;
				CLANG_WARN_OBJC_ROOT_CLASS = YES_ERROR;
				CLANG_WARN_UNREACHABLE_CODE = YES;
				CLANG_WARN__DUPLICATE_METHOD_MATCH = YES;
				"CODE_SIGN_IDENTITY[sdk=iphoneos*]" = "iPhone Developer";
				COPY_PHASE_STRIP = NO;
				DEBUG_INFORMATION_FORMAT = "dwarf-with-dsym";
				ENABLE_NS_ASSERTIONS = NO;
				ENABLE_STRICT_OBJC_MSGSEND = YES;
				GCC_C_LANGUAGE_STANDARD = gnu99;
				GCC_NO_COMMON_BLOCKS = YES;
				GCC_WARN_64_TO_32_BIT_CONVERSION = YES;
				GCC_WARN_ABOUT_RETURN_TYPE = YES_ERROR;
				GCC_WARN_UNDECLARED_SELECTOR = YES;
				GCC_WARN_UNINITIALIZED_AUTOS = YES_AGGRESSIVE;
				GCC_WARN_UNUSED_FUNCTION = YES;
				GCC_WARN_UNUSED_VARIABLE = YES;
				IPHONEOS_DEPLOYMENT_TARGET = 8.3;
				MTL_ENABLE_DEBUG_INFO = NO;
				SDKROOT = iphoneos;
				TARGETED_DEVICE_FAMILY = "1,2";
				VALIDATE_PRODUCT = YES;
			};
			name = Release;
		};
		56EF54A91B00D34C00589F0B /* Debug */ = {
			isa = XCBuildConfiguration;
			buildSettings = {
				ASSETCATALOG_COMPILER_APPICON_NAME = AppIcon;
				INFOPLIST_FILE = Forceboard/Info.plist;
				LD_RUNPATH_SEARCH_PATHS = "$(inherited) @executable_path/Frameworks";
				PRODUCT_NAME = "$(TARGET_NAME)";
			};
			name = Debug;
		};
		56EF54AA1B00D34C00589F0B /* Release */ = {
			isa = XCBuildConfiguration;
			buildSettings = {
				ASSETCATALOG_COMPILER_APPICON_NAME = AppIcon;
				INFOPLIST_FILE = Forceboard/Info.plist;
				LD_RUNPATH_SEARCH_PATHS = "$(inherited) @executable_path/Frameworks";
				PRODUCT_NAME = "$(TARGET_NAME)";
			};
			name = Release;
		};
		56EF54AC1B00D34C00589F0B /* Debug */ = {
			isa = XCBuildConfiguration;
			buildSettings = {
				BUNDLE_LOADER = "$(TEST_HOST)";
				FRAMEWORK_SEARCH_PATHS = (
					"$(SDKROOT)/Developer/Library/Frameworks",
					"$(inherited)",
				);
				GCC_PREPROCESSOR_DEFINITIONS = (
					"DEBUG=1",
					"$(inherited)",
				);
				INFOPLIST_FILE = ForceboardTests/Info.plist;
				LD_RUNPATH_SEARCH_PATHS = "$(inherited) @executable_path/Frameworks @loader_path/Frameworks";
				PRODUCT_NAME = "$(TARGET_NAME)";
				TEST_HOST = "$(BUILT_PRODUCTS_DIR)/Forceboard.app/Forceboard";
			};
			name = Debug;
		};
		56EF54AD1B00D34C00589F0B /* Release */ = {
			isa = XCBuildConfiguration;
			buildSettings = {
				BUNDLE_LOADER = "$(TEST_HOST)";
				FRAMEWORK_SEARCH_PATHS = (
					"$(SDKROOT)/Developer/Library/Frameworks",
					"$(inherited)",
				);
				INFOPLIST_FILE = ForceboardTests/Info.plist;
				LD_RUNPATH_SEARCH_PATHS = "$(inherited) @executable_path/Frameworks @loader_path/Frameworks";
				PRODUCT_NAME = "$(TARGET_NAME)";
				TEST_HOST = "$(BUILT_PRODUCTS_DIR)/Forceboard.app/Forceboard";
			};
			name = Release;
		};
/* End XCBuildConfiguration section */

/* Begin XCConfigurationList section */
		56EF54801B00D34C00589F0B /* Build configuration list for PBXProject "Forceboard" */ = {
			isa = XCConfigurationList;
			buildConfigurations = (
				56EF54A61B00D34C00589F0B /* Debug */,
				56EF54A71B00D34C00589F0B /* Release */,
			);
			defaultConfigurationIsVisible = 0;
			defaultConfigurationName = Release;
		};
		56EF54A81B00D34C00589F0B /* Build configuration list for PBXNativeTarget "Forceboard" */ = {
			isa = XCConfigurationList;
			buildConfigurations = (
				56EF54A91B00D34C00589F0B /* Debug */,
				56EF54AA1B00D34C00589F0B /* Release */,
			);
			defaultConfigurationIsVisible = 0;
			defaultConfigurationName = Release;
		};
		56EF54AB1B00D34C00589F0B /* Build configuration list for PBXNativeTarget "ForceboardTests" */ = {
			isa = XCConfigurationList;
			buildConfigurations = (
				56EF54AC1B00D34C00589F0B /* Debug */,
				56EF54AD1B00D34C00589F0B /* Release */,
			);
			defaultConfigurationIsVisible = 0;
			defaultConfigurationName = Release;
		};
/* End XCConfigurationList section */
	};
	rootObject = 56EF547D1B00D34C00589F0B /* Project object */;
}
